<?xml version="1.0" encoding="utf-8"?>
<Project ToolsVersion="17.0" xmlns="http://schemas.microsoft.com/developer/msbuild/2003">
  <ItemGroup>
    <ClCompile Include="C:\Users\jeswi\OneDrive\Ambiente de Trabalho\CG-Project\Fase_2\src\generator\generator.cpp">
      <Filter>Source Files</Filter>
    </ClCompile>
  </ItemGroup>
  <ItemGroup>
    <CustomBuild Include="C:\Users\jeswi\OneDrive\Ambiente de Trabalho\CG-Project\Fase_2\src\CMakeLists.txt" />
  </ItemGroup>
  <ItemGroup>
    <Filter Include="Source Files">
      <UniqueIdentifier>{0E1FEE9F-204F-373E-8F89-65F4ECF63785}</UniqueIdentifier>
    </Filter>
  </ItemGroup>
</Project>
