<?xml version="1.0" encoding="utf-8"?>
<Project ToolsVersion="17.0" xmlns="http://schemas.microsoft.com/developer/msbuild/2003">
  <ItemGroup>
    <CustomBuild Include="C:\Users\jeswi\OneDrive\Ambiente de Trabalho\CG-Project\Fase_2\build2\CMakeFiles\d2dd807cc0f347a042d6b8cf21061697\generate.stamp.rule">
      <Filter>CMake Rules</Filter>
    </CustomBuild>
  </ItemGroup>
  <ItemGroup>
    <Filter Include="CMake Rules">
      <UniqueIdentifier>{B465789B-7EC4-3F8C-8CB4-8A69E1476B3C}</UniqueIdentifier>
    </Filter>
  </ItemGroup>
</Project>
